
Microsoft Visual Studio Solution File, Format Version 12.00
# Visual Studio Version 17
VisualStudioVersion = 17.10.35027.167
MinimumVisualStudioVersion = 10.0.40219.1
Project("{FAE04EC0-301F-11D3-BF4B-00C04F79EFBC}") = "AmethystScreen", "AmethystScreen\AmethystScreen.csproj", "{FE4793EB-FF16-4BFF-A8F2-B1E2AD02FFEF}"
EndProject
Global
	GlobalSection(SolutionConfigurationPlatforms) = preSolution
		Debug|Any CPU = Debug|Any CPU
		Release|Any CPU = Release|Any CPU
	EndGlobalSection
	GlobalSection(ProjectConfigurationPlatforms) = postSolution
		{FE4793EB-FF16-4BFF-A8F2-B1E2AD02FFEF}.Debug|Any CPU.ActiveCfg = Debug|Any CPU
		{FE4793EB-FF16-4BFF-A8F2-B1E2AD02FFEF}.Debug|Any CPU.Build.0 = Debug|Any CPU
		{FE4793EB-FF16-4BFF-A8F2-B1E2AD02FFEF}.Release|Any CPU.ActiveCfg = Release|Any CPU
		{FE4793EB-FF16-4BFF-A8F2-B1E2AD02FFEF}.Release|Any CPU.Build.0 = Release|Any CPU
	EndGlobalSection
	GlobalSection(SolutionProperties) = preSolution
		HideSolutionNode = FALSE
	EndGlobalSection
	GlobalSection(ExtensibilityGlobals) = postSolution
		SolutionGuid = {5D35AA13-2E65-43E2-BAE8-5D165392B058}
	EndGlobalSection
EndGlobal
